
Microsoft Visual Studio Solution File, Format Version 12.00
# Visual Studio Version 17
VisualStudioVersion = 17.7.34003.232
MinimumVisualStudioVersion = 10.0.40219.1
Project("{9A19103F-16F7-4668-BE54-9A1E7A4F7556}") = "ReportGeneratorDemo", "src\ReportGeneratorDemo.csproj", "{EE302257-BC5C-4846-AB31-02A68A49B168}"
EndProject
Project("{2150E333-8FDC-42A3-9474-1A3956D46DE8}") = "Solution Items", "Solution Items", "{A6638552-B8BB-458E-9496-F06FF4AE5B82}"
	ProjectSection(SolutionItems) = preProject
		README.md = README.md
	EndProjectSection
EndProject
Global
	GlobalSection(SolutionConfigurationPlatforms) = preSolution
		Debug|Any CPU = Debug|Any CPU
		Release|Any CPU = Release|Any CPU
	EndGlobalSection
	GlobalSection(ProjectConfigurationPlatforms) = postSolution
		{EE302257-BC5C-4846-AB31-02A68A49B168}.Debug|Any CPU.ActiveCfg = Debug|Any CPU
		{EE302257-BC5C-4846-AB31-02A68A49B168}.Debug|Any CPU.Build.0 = Debug|Any CPU
		{EE302257-BC5C-4846-AB31-02A68A49B168}.Release|Any CPU.ActiveCfg = Release|Any CPU
		{EE302257-BC5C-4846-AB31-02A68A49B168}.Release|Any CPU.Build.0 = Release|Any CPU
	EndGlobalSection
	GlobalSection(SolutionProperties) = preSolution
		HideSolutionNode = FALSE
	EndGlobalSection
	GlobalSection(ExtensibilityGlobals) = postSolution
		SolutionGuid = {9F9C9DCF-E198-4739-AB89-551AF8EA76A2}
	EndGlobalSection
EndGlobal
